{
  "nodes": {
    "flake-compat": {
      "flake": false,
      "locked": {
        "lastModified": 1696426674,
        "narHash": "sha256-kvjfFW7WAETZlt09AgDn1MrtKzP7t90Vf7vypd3OL1U=",
        "owner": "edolstra",
        "repo": "flake-compat",
        "rev": "0f9255e01c2351cc7d116c072cb317785dd33b33",
        "type": "github"
      },
      "original": {
        "owner": "edolstra",
        "repo": "flake-compat",
        "type": "github"
      }
    },
    "flake-parts": {
      "inputs": {
        "nixpkgs-lib": [
          "nixpkgs"
        ]
      },
      "locked": {
        "lastModified": 1719994518,
        "narHash": "sha256-pQMhCCHyQGRzdfAkdJ4cIWiw+JNuWsTX7f0ZYSyz0VY=",
        "owner": "hercules-ci",
        "repo": "flake-parts",
        "rev": "9227223f6d922fee3c7b190b2cc238a99527bbb7",
        "type": "github"
      },
      "original": {
        "owner": "hercules-ci",
        "repo": "flake-parts",
        "type": "github"
      }
    },
    "flake-root": {
      "locked": {
        "lastModified": 1713493429,
        "narHash": "sha256-ztz8JQkI08tjKnsTpfLqzWoKFQF4JGu2LRz8bkdnYUk=",
        "owner": "srid",
        "repo": "flake-root",
        "rev": "bc748b93b86ee76e2032eecda33440ceb2532fcd",
        "type": "github"
      },
      "original": {
        "owner": "srid",
        "repo": "flake-root",
        "type": "github"
      }
    },
    "git-hooks": {
      "inputs": {
        "flake-compat": "flake-compat",
        "gitignore": "gitignore",
        "nixpkgs": [
          "nixpkgs"
        ],
        "nixpkgs-stable": "nixpkgs-stable"
      },
      "locked": {
        "lastModified": 1721042469,
        "narHash": "sha256-6FPUl7HVtvRHCCBQne7Ylp4p+dpP3P/OYuzjztZ4s70=",
        "owner": "cachix",
        "repo": "pre-commit-hooks.nix",
        "rev": "f451c19376071a90d8c58ab1a953c6e9840527fd",
        "type": "github"
      },
      "original": {
        "owner": "cachix",
        "repo": "pre-commit-hooks.nix",
        "type": "github"
      }
    },
    "gitignore": {
      "inputs": {
        "nixpkgs": [
          "git-hooks",
          "nixpkgs"
        ]
      },
      "locked": {
        "lastModified": 1709087332,
        "narHash": "sha256-HG2cCnktfHsKV0s4XW83gU3F57gaTljL9KNSuG6bnQs=",
        "owner": "hercules-ci",
        "repo": "gitignore.nix",
        "rev": "637db329424fd7e46cf4185293b9cc8c88c95394",
        "type": "github"
      },
      "original": {
        "owner": "hercules-ci",
        "repo": "gitignore.nix",
        "type": "github"
      }
    },
    "nixpkgs": {
      "locked": {
        "lastModified": 1720957393,
        "narHash": "sha256-oedh2RwpjEa+TNxhg5Je9Ch6d3W1NKi7DbRO1ziHemA=",
        "owner": "nixos",
        "repo": "nixpkgs",
        "rev": "693bc46d169f5af9c992095736e82c3488bf7dbb",
        "type": "github"
      },
      "original": {
        "owner": "nixos",
        "ref": "nixos-unstable",
        "repo": "nixpkgs",
        "type": "github"
      }
    },
    "nixpkgs-stable": {
      "locked": {
        "lastModified": 1720386169,
        "narHash": "sha256-NGKVY4PjzwAa4upkGtAMz1npHGoRzWotlSnVlqI40mo=",
        "owner": "NixOS",
        "repo": "nixpkgs",
        "rev": "194846768975b7ad2c4988bdb82572c00222c0d7",
        "type": "github"
      },
      "original": {
        "owner": "NixOS",
        "ref": "nixos-24.05",
        "repo": "nixpkgs",
        "type": "github"
      }
    },
    "nixpkgs_2": {
      "locked": {
        "lastModified": 1719690277,
        "narHash": "sha256-0xSej1g7eP2kaUF+JQp8jdyNmpmCJKRpO12mKl/36Kc=",
        "owner": "nixos",
        "repo": "nixpkgs",
        "rev": "2741b4b489b55df32afac57bc4bfd220e8bf617e",
        "type": "github"
      },
      "original": {
        "owner": "nixos",
        "ref": "nixos-unstable",
        "repo": "nixpkgs",
        "type": "github"
      }
    },
    "process-compose-flake": {
      "locked": {
        "lastModified": 1718031437,
        "narHash": "sha256-+RrlkAVZx0QhyeHAGFJnjST+/7Dc3zsDU3zAKXoDXaI=",
        "owner": "Platonic-Systems",
        "repo": "process-compose-flake",
        "rev": "9344fac44edced4c686721686a6ad904d067c546",
        "type": "github"
      },
      "original": {
        "owner": "Platonic-Systems",
        "repo": "process-compose-flake",
        "type": "github"
      }
    },
    "root": {
      "inputs": {
        "flake-parts": "flake-parts",
        "flake-root": "flake-root",
        "git-hooks": "git-hooks",
        "nixpkgs": "nixpkgs",
        "process-compose-flake": "process-compose-flake",
        "systems": "systems",
        "treefmt-nix": "treefmt-nix"
      }
    },
    "systems": {
      "locked": {
        "lastModified": 1689347949,
        "narHash": "sha256-12tWmuL2zgBgZkdoB6qXZsgJEH9LR3oUgpaQq2RbI80=",
        "owner": "nix-systems",
        "repo": "default-linux",
        "rev": "31732fcf5e8fea42e59c2488ad31a0e651500f68",
        "type": "github"
      },
      "original": {
        "owner": "nix-systems",
        "repo": "default-linux",
        "type": "github"
      }
    },
    "treefmt-nix": {
      "inputs": {
        "nixpkgs": "nixpkgs_2"
      },
      "locked": {
        "lastModified": 1721059077,
        "narHash": "sha256-gCICMMX7VMSKKt99giDDtRLkHJ0cwSgBtDijJAqTlto=",
        "owner": "numtide",
        "repo": "treefmt-nix",
        "rev": "0fb28f237f83295b4dd05e342f333b447c097398",
        "type": "github"
      },
      "original": {
        "owner": "numtide",
        "repo": "treefmt-nix",
        "type": "github"
      }
    }
  },
  "root": "root",
  "version": 7
}
